
Microsoft Visual Studio Solution File, Format Version 12.00
# Visual Studio Version 16
VisualStudioVersion = 16.0.29025.244
MinimumVisualStudioVersion = 10.0.40219.1
Project("{FAE04EC0-301F-11D3-BF4B-00C04F79EFBC}") = "IniFileParser", "IniFileParser\IniFileParser.csproj", "{38863E23-79F3-4FED-A683-D8023786A7AD}"
EndProject
Project("{FAE04EC0-301F-11D3-BF4B-00C04F79EFBC}") = "TestIniParser", "TestIniParser\TestIniParser.csproj", "{AD7358A4-C0F1-4D77-8818-C2B2570243A4}"
EndProject
Global
	GlobalSection(SolutionConfigurationPlatforms) = preSolution
		Debug|Any CPU = Debug|Any CPU
		Release|Any CPU = Release|Any CPU
	EndGlobalSection
	GlobalSection(ProjectConfigurationPlatforms) = postSolution
		{38863E23-79F3-4FED-A683-D8023786A7AD}.Debug|Any CPU.ActiveCfg = Debug|Any CPU
		{38863E23-79F3-4FED-A683-D8023786A7AD}.Debug|Any CPU.Build.0 = Debug|Any CPU
		{38863E23-79F3-4FED-A683-D8023786A7AD}.Release|Any CPU.ActiveCfg = Release|Any CPU
		{38863E23-79F3-4FED-A683-D8023786A7AD}.Release|Any CPU.Build.0 = Release|Any CPU
		{AD7358A4-C0F1-4D77-8818-C2B2570243A4}.Debug|Any CPU.ActiveCfg = Debug|Any CPU
		{AD7358A4-C0F1-4D77-8818-C2B2570243A4}.Debug|Any CPU.Build.0 = Debug|Any CPU
		{AD7358A4-C0F1-4D77-8818-C2B2570243A4}.Release|Any CPU.ActiveCfg = Release|Any CPU
		{AD7358A4-C0F1-4D77-8818-C2B2570243A4}.Release|Any CPU.Build.0 = Release|Any CPU
	EndGlobalSection
	GlobalSection(SolutionProperties) = preSolution
		HideSolutionNode = FALSE
	EndGlobalSection
	GlobalSection(ExtensibilityGlobals) = postSolution
		SolutionGuid = {1A8114AA-207B-40F5-9FE5-7E8AA384C494}
	EndGlobalSection
EndGlobal
